// !$*UTF8*$!
{
	archiveVersion = 1;
	classes = {
	};
	objectVersion = 46;
	objects = {

/* Begin PBXBuildFile section */
		6BE9130E1EEAF0A000EEA178 /* AppDelegate.swift in Sources */ = {isa = PBXBuildFile; fileRef = 6BE9130D1EEAF0A000EEA178 /* AppDelegate.swift */; };
		6BE913131EEAF0A000EEA178 /* Main.storyboard in Resources */ = {isa = PBXBuildFile; fileRef = 6BE913111EEAF0A000EEA178 /* Main.storyboard */; };
		6BE913151EEAF0A000EEA178 /* Assets.xcassets in Resources */ = {isa = PBXBuildFile; fileRef = 6BE913141EEAF0A000EEA178 /* Assets.xcassets */; };
		6BE913181EEAF0A000EEA178 /* LaunchScreen.storyboard in Resources */ = {isa = PBXBuildFile; fileRef = 6BE913161EEAF0A000EEA178 /* LaunchScreen.storyboard */; };
		6BE913251EEAF18300EEA178 /* Movie.swift in Sources */ = {isa = PBXBuildFile; fileRef = 6BE913241EEAF18300EEA178 /* Movie.swift */; };
		6BE913291EEAF7AA00EEA178 /* MovieListTableViewController.swift in Sources */ = {isa = PBXBuildFile; fileRef = 6BE913281EEAF7AA00EEA178 /* MovieListTableViewController.swift */; };
		6BE9132B1EEAF7BC00EEA178 /* MovieTableViewCell.swift in Sources */ = {isa = PBXBuildFile; fileRef = 6BE9132A1EEAF7BC00EEA178 /* MovieTableViewCell.swift */; };
		6BE9132E1EEAF80C00EEA178 /* NetworkController.swift in Sources */ = {isa = PBXBuildFile; fileRef = 6BE9132D1EEAF80C00EEA178 /* NetworkController.swift */; };
		6BE913301EEAF96000EEA178 /* MovieController.swift in Sources */ = {isa = PBXBuildFile; fileRef = 6BE9132F1EEAF96000EEA178 /* MovieController.swift */; };
		6BE913321EEAFD1400EEA178 /* ImageController.swift in Sources */ = {isa = PBXBuildFile; fileRef = 6BE913311EEAFD1400EEA178 /* ImageController.swift */; };
/* End PBXBuildFile section */

/* Begin PBXFileReference section */
		6BE9130A1EEAF0A000EEA178 /* MovieSearch.app */ = {isa = PBXFileReference; explicitFileType = wrapper.application; includeInIndex = 0; path = MovieSearch.app; sourceTree = BUILT_PRODUCTS_DIR; };
		6BE9130D1EEAF0A000EEA178 /* AppDelegate.swift */ = {isa = PBXFileReference; lastKnownFileType = sourcecode.swift; path = AppDelegate.swift; sourceTree = "<group>"; };
		6BE913121EEAF0A000EEA178 /* Base */ = {isa = PBXFileReference; lastKnownFileType = file.storyboard; name = Base; path = Base.lproj/Main.storyboard; sourceTree = "<group>"; };
		6BE913141EEAF0A000EEA178 /* Assets.xcassets */ = {isa = PBXFileReference; lastKnownFileType = folder.assetcatalog; path = Assets.xcassets; sourceTree = "<group>"; };
		6BE913171EEAF0A000EEA178 /* Base */ = {isa = PBXFileReference; lastKnownFileType = file.storyboard; name = Base; path = Base.lproj/LaunchScreen.storyboard; sourceTree = "<group>"; };
		6BE913191EEAF0A000EEA178 /* Info.plist */ = {isa = PBXFileReference; lastKnownFileType = text.plist.xml; path = Info.plist; sourceTree = "<group>"; };
		6BE913241EEAF18300EEA178 /* Movie.swift */ = {isa = PBXFileReference; fileEncoding = 4; lastKnownFileType = sourcecode.swift; path = Movie.swift; sourceTree = "<group>"; };
		6BE913281EEAF7AA00EEA178 /* MovieListTableViewController.swift */ = {isa = PBXFileReference; fileEncoding = 4; lastKnownFileType = sourcecode.swift; path = MovieListTableViewController.swift; sourceTree = "<group>"; };
		6BE9132A1EEAF7BC00EEA178 /* MovieTableViewCell.swift */ = {isa = PBXFileReference; fileEncoding = 4; lastKnownFileType = sourcecode.swift; path = MovieTableViewCell.swift; sourceTree = "<group>"; };
		6BE9132D1EEAF80C00EEA178 /* NetworkController.swift */ = {isa = PBXFileReference; fileEncoding = 4; lastKnownFileType = sourcecode.swift; path = NetworkController.swift; sourceTree = "<group>"; };
		6BE9132F1EEAF96000EEA178 /* MovieController.swift */ = {isa = PBXFileReference; fileEncoding = 4; lastKnownFileType = sourcecode.swift; path = MovieController.swift; sourceTree = "<group>"; };
		6BE913311EEAFD1400EEA178 /* ImageController.swift */ = {isa = PBXFileReference; fileEncoding = 4; lastKnownFileType = sourcecode.swift; path = ImageController.swift; sourceTree = "<group>"; };
/* End PBXFileReference section */

/* Begin PBXFrameworksBuildPhase section */
		6BE913071EEAF0A000EEA178 /* Frameworks */ = {
			isa = PBXFrameworksBuildPhase;
			buildActionMask = 2147483647;
			files = (
			);
			runOnlyForDeploymentPostprocessing = 0;
		};
/* End PBXFrameworksBuildPhase section */

/* Begin PBXGroup section */
		6BE913011EEAF0A000EEA178 = {
			isa = PBXGroup;
			children = (
				6BE9130C1EEAF0A000EEA178 /* MovieSearch */,
				6BE9130B1EEAF0A000EEA178 /* Products */,
			);
			sourceTree = "<group>";
		};
		6BE9130B1EEAF0A000EEA178 /* Products */ = {
			isa = PBXGroup;
			children = (
				6BE9130A1EEAF0A000EEA178 /* MovieSearch.app */,
			);
			name = Products;
			sourceTree = "<group>";
		};
		6BE9130C1EEAF0A000EEA178 /* MovieSearch */ = {
			isa = PBXGroup;
			children = (
				6BE9130D1EEAF0A000EEA178 /* AppDelegate.swift */,
				6BE9132C1EEAF7F400EEA178 /* Networking */,
				6BE913231EEAF16700EEA178 /* ModelControllers */,
				6BE913221EEAF16100EEA178 /* Models */,
				6BE913211EEAF15300EEA178 /* Views */,
				6BE913201EEAF0BE00EEA178 /* ViewControllers */,
				6BE9131F1EEAF0B400EEA178 /* Resources */,
			);
			path = MovieSearch;
			sourceTree = "<group>";
		};
		6BE9131F1EEAF0B400EEA178 /* Resources */ = {
			isa = PBXGroup;
			children = (
				6BE913141EEAF0A000EEA178 /* Assets.xcassets */,
				6BE913161EEAF0A000EEA178 /* LaunchScreen.storyboard */,
				6BE913191EEAF0A000EEA178 /* Info.plist */,
			);
			name = Resources;
			sourceTree = "<group>";
		};
		6BE913201EEAF0BE00EEA178 /* ViewControllers */ = {
			isa = PBXGroup;
			children = (
				6BE913281EEAF7AA00EEA178 /* MovieListTableViewController.swift */,
				6BE913111EEAF0A000EEA178 /* Main.storyboard */,
			);
			name = ViewControllers;
			sourceTree = "<group>";
		};
		6BE913211EEAF15300EEA178 /* Views */ = {
			isa = PBXGroup;
			children = (
				6BE9132A1EEAF7BC00EEA178 /* MovieTableViewCell.swift */,
			);
			name = Views;
			sourceTree = "<group>";
		};
		6BE913221EEAF16100EEA178 /* Models */ = {
			isa = PBXGroup;
			children = (
				6BE913241EEAF18300EEA178 /* Movie.swift */,
			);
			name = Models;
			sourceTree = "<group>";
		};
		6BE913231EEAF16700EEA178 /* ModelControllers */ = {
			isa = PBXGroup;
			children = (
				6BE9132F1EEAF96000EEA178 /* MovieController.swift */,
				6BE913311EEAFD1400EEA178 /* ImageController.swift */,
			);
			name = ModelControllers;
			sourceTree = "<group>";
		};
		6BE9132C1EEAF7F400EEA178 /* Networking */ = {
			isa = PBXGroup;
			children = (
				6BE9132D1EEAF80C00EEA178 /* NetworkController.swift */,
			);
			name = Networking;
			sourceTree = "<group>";
		};
/* End PBXGroup section */

/* Begin PBXNativeTarget section */
		6BE913091EEAF0A000EEA178 /* MovieSearch */ = {
			isa = PBXNativeTarget;
			buildConfigurationList = 6BE9131C1EEAF0A000EEA178 /* Build configuration list for PBXNativeTarget "MovieSearch" */;
			buildPhases = (
				6BE913061EEAF0A000EEA178 /* Sources */,
				6BE913071EEAF0A000EEA178 /* Frameworks */,
				6BE913081EEAF0A000EEA178 /* Resources */,
			);
			buildRules = (
			);
			dependencies = (
			);
			name = MovieSearch;
			productName = MovieSearch;
			productReference = 6BE9130A1EEAF0A000EEA178 /* MovieSearch.app */;
			productType = "com.apple.product-type.application";
		};
/* End PBXNativeTarget section */

/* Begin PBXProject section */
		6BE913021EEAF0A000EEA178 /* Project object */ = {
			isa = PBXProject;
			attributes = {
				LastSwiftUpdateCheck = 0830;
				LastUpgradeCheck = 0830;
				ORGANIZATIONNAME = "Bradley Gilmore";
				TargetAttributes = {
					6BE913091EEAF0A000EEA178 = {
						CreatedOnToolsVersion = 8.3.3;
						DevelopmentTeam = N8EMAYLL43;
						ProvisioningStyle = Automatic;
					};
				};
			};
			buildConfigurationList = 6BE913051EEAF0A000EEA178 /* Build configuration list for PBXProject "MovieSearch" */;
			compatibilityVersion = "Xcode 3.2";
			developmentRegion = English;
			hasScannedForEncodings = 0;
			knownRegions = (
				en,
				Base,
			);
			mainGroup = 6BE913011EEAF0A000EEA178;
			productRefGroup = 6BE9130B1EEAF0A000EEA178 /* Products */;
			projectDirPath = "";
			projectRoot = "";
			targets = (
				6BE913091EEAF0A000EEA178 /* MovieSearch */,
			);
		};
/* End PBXProject section */

/* Begin PBXResourcesBuildPhase section */
		6BE913081EEAF0A000EEA178 /* Resources */ = {
			isa = PBXResourcesBuildPhase;
			buildActionMask = 2147483647;
			files = (
				6BE913181EEAF0A000EEA178 /* LaunchScreen.storyboard in Resources */,
				6BE913151EEAF0A000EEA178 /* Assets.xcassets in Resources */,
				6BE913131EEAF0A000EEA178 /* Main.storyboard in Resources */,
			);
			runOnlyForDeploymentPostprocessing = 0;
		};
/* End PBXResourcesBuildPhase section */

/* Begin PBXSourcesBuildPhase section */
		6BE913061EEAF0A000EEA178 /* Sources */ = {
			isa = PBXSourcesBuildPhase;
			buildActionMask = 2147483647;
			files = (
				6BE913321EEAFD1400EEA178 /* ImageController.swift in Sources */,
				6BE913301EEAF96000EEA178 /* MovieController.swift in Sources */,
				6BE9132E1EEAF80C00EEA178 /* NetworkController.swift in Sources */,
				6BE913291EEAF7AA00EEA178 /* MovieListTableViewController.swift in Sources */,
				6BE913251EEAF18300EEA178 /* Movie.swift in Sources */,
				6BE9132B1EEAF7BC00EEA178 /* MovieTableViewCell.swift in Sources */,
				6BE9130E1EEAF0A000EEA178 /* AppDelegate.swift in Sources */,
			);
			runOnlyForDeploymentPostprocessing = 0;
		};
/* End PBXSourcesBuildPhase section */

/* Begin PBXVariantGroup section */
		6BE913111EEAF0A000EEA178 /* Main.storyboard */ = {
			isa = PBXVariantGroup;
			children = (
				6BE913121EEAF0A000EEA178 /* Base */,
			);
			name = Main.storyboard;
			sourceTree = "<group>";
		};
		6BE913161EEAF0A000EEA178 /* LaunchScreen.storyboard */ = {
			isa = PBXVariantGroup;
			children = (
				6BE913171EEAF0A000EEA178 /* Base */,
			);
			name = LaunchScreen.storyboard;
			sourceTree = "<group>";
		};
/* End PBXVariantGroup section */

/* Begin XCBuildConfiguration section */
		6BE9131A1EEAF0A000EEA178 /* Debug */ = {
			isa = XCBuildConfiguration;
			buildSettings = {
				ALWAYS_SEARCH_USER_PATHS = NO;
				CLANG_ANALYZER_NONNULL = YES;
				CLANG_ANALYZER_NUMBER_OBJECT_CONVERSION = YES_AGGRESSIVE;
				CLANG_CXX_LANGUAGE_STANDARD = "gnu++0x";
				CLANG_CXX_LIBRARY = "libc++";
				CLANG_ENABLE_MODULES = YES;
				CLANG_ENABLE_OBJC_ARC = YES;
				CLANG_WARN_BOOL_CONVERSION = YES;
				CLANG_WARN_CONSTANT_CONVERSION = YES;
				CLANG_WARN_DIRECT_OBJC_ISA_USAGE = YES_ERROR;
				CLANG_WARN_DOCUMENTATION_COMMENTS = YES;
				CLANG_WARN_EMPTY_BODY = YES;
				CLANG_WARN_ENUM_CONVERSION = YES;
				CLANG_WARN_INFINITE_RECURSION = YES;
				CLANG_WARN_INT_CONVERSION = YES;
				CLANG_WARN_OBJC_ROOT_CLASS = YES_ERROR;
				CLANG_WARN_SUSPICIOUS_MOVE = YES;
				CLANG_WARN_UNREACHABLE_CODE = YES;
				CLANG_WARN__DUPLICATE_METHOD_MATCH = YES;
				"CODE_SIGN_IDENTITY[sdk=iphoneos*]" = "iPhone Developer";
				COPY_PHASE_STRIP = NO;
				DEBUG_INFORMATION_FORMAT = dwarf;
				ENABLE_STRICT_OBJC_MSGSEND = YES;
				ENABLE_TESTABILITY = YES;
				GCC_C_LANGUAGE_STANDARD = gnu99;
				GCC_DYNAMIC_NO_PIC = NO;
				GCC_NO_COMMON_BLOCKS = YES;
				GCC_OPTIMIZATION_LEVEL = 0;
				GCC_PREPROCESSOR_DEFINITIONS = (
					"DEBUG=1",
					"$(inherited)",
				);
				GCC_WARN_64_TO_32_BIT_CONVERSION = YES;
				GCC_WARN_ABOUT_RETURN_TYPE = YES_ERROR;
				GCC_WARN_UNDECLARED_SELECTOR = YES;
				GCC_WARN_UNINITIALIZED_AUTOS = YES_AGGRESSIVE;
				GCC_WARN_UNUSED_FUNCTION = YES;
				GCC_WARN_UNUSED_VARIABLE = YES;
				IPHONEOS_DEPLOYMENT_TARGET = 10.3;
				MTL_ENABLE_DEBUG_INFO = YES;
				ONLY_ACTIVE_ARCH = YES;
				SDKROOT = iphoneos;
				SWIFT_ACTIVE_COMPILATION_CONDITIONS = DEBUG;
				SWIFT_OPTIMIZATION_LEVEL = "-Onone";
			};
			name = Debug;
		};
		6BE9131B1EEAF0A000EEA178 /* Release */ = {
			isa = XCBuildConfiguration;
			buildSettings = {
				ALWAYS_SEARCH_USER_PATHS = NO;
				CLANG_ANALYZER_NONNULL = YES;
				CLANG_ANALYZER_NUMBER_OBJECT_CONVERSION = YES_AGGRESSIVE;
				CLANG_CXX_LANGUAGE_STANDARD = "gnu++0x";
				CLANG_CXX_LIBRARY = "libc++";
				CLANG_ENABLE_MODULES = YES;
				CLANG_ENABLE_OBJC_ARC = YES;
				CLANG_WARN_BOOL_CONVERSION = YES;
				CLANG_WARN_CONSTANT_CONVERSION = YES;
				CLANG_WARN_DIRECT_OBJC_ISA_USAGE = YES_ERROR;
				CLANG_WARN_DOCUMENTATION_COMMENTS = YES;
				CLANG_WARN_EMPTY_BODY = YES;
				CLANG_WARN_ENUM_CONVERSION = YES;
				CLANG_WARN_INFINITE_RECURSION = YES;
				CLANG_WARN_INT_CONVERSION = YES;
				CLANG_WARN_OBJC_ROOT_CLASS = YES_ERROR;
				CLANG_WARN_SUSPICIOUS_MOVE = YES;
				CLANG_WARN_UNREACHABLE_CODE = YES;
				CLANG_WARN__DUPLICATE_METHOD_MATCH = YES;
				"CODE_SIGN_IDENTITY[sdk=iphoneos*]" = "iPhone Developer";
				COPY_PHASE_STRIP = NO;
				DEBUG_INFORMATION_FORMAT = "dwarf-with-dsym";
				ENABLE_NS_ASSERTIONS = NO;
				ENABLE_STRICT_OBJC_MSGSEND = YES;
				GCC_C_LANGUAGE_STANDARD = gnu99;
				GCC_NO_COMMON_BLOCKS = YES;
				GCC_WARN_64_TO_32_BIT_CONVERSION = YES;
				GCC_WARN_ABOUT_RETURN_TYPE = YES_ERROR;
				GCC_WARN_UNDECLARED_SELECTOR = YES;
				GCC_WARN_UNINITIALIZED_AUTOS = YES_AGGRESSIVE;
				GCC_WARN_UNUSED_FUNCTION = YES;
				GCC_WARN_UNUSED_VARIABLE = YES;
				IPHONEOS_DEPLOYMENT_TARGET = 10.3;
				MTL_ENABLE_DEBUG_INFO = NO;
				SDKROOT = iphoneos;
				SWIFT_OPTIMIZATION_LEVEL = "-Owholemodule";
				VALIDATE_PRODUCT = YES;
			};
			name = Release;
		};
		6BE9131D1EEAF0A000EEA178 /* Debug */ = {
			isa = XCBuildConfiguration;
			buildSettings = {
				ASSETCATALOG_COMPILER_APPICON_NAME = AppIcon;
				DEVELOPMENT_TEAM = N8EMAYLL43;
				INFOPLIST_FILE = MovieSearch/Info.plist;
				LD_RUNPATH_SEARCH_PATHS = "$(inherited) @executable_path/Frameworks";
				PRODUCT_BUNDLE_IDENTIFIER = com.bradleygilmore.MovieSearch;
				PRODUCT_NAME = "$(TARGET_NAME)";
				SWIFT_VERSION = 3.0;
			};
			name = Debug;
		};
		6BE9131E1EEAF0A000EEA178 /* Release */ = {
			isa = XCBuildConfiguration;
			buildSettings = {
				ASSETCATALOG_COMPILER_APPICON_NAME = AppIcon;
				DEVELOPMENT_TEAM = N8EMAYLL43;
				INFOPLIST_FILE = MovieSearch/Info.plist;
				LD_RUNPATH_SEARCH_PATHS = "$(inherited) @executable_path/Frameworks";
				PRODUCT_BUNDLE_IDENTIFIER = com.bradleygilmore.MovieSearch;
				PRODUCT_NAME = "$(TARGET_NAME)";
				SWIFT_VERSION = 3.0;
			};
			name = Release;
		};
/* End XCBuildConfiguration section */

/* Begin XCConfigurationList section */
		6BE913051EEAF0A000EEA178 /* Build configuration list for PBXProject "MovieSearch" */ = {
			isa = XCConfigurationList;
			buildConfigurations = (
				6BE9131A1EEAF0A000EEA178 /* Debug */,
				6BE9131B1EEAF0A000EEA178 /* Release */,
			);
			defaultConfigurationIsVisible = 0;
			defaultConfigurationName = Release;
		};
		6BE9131C1EEAF0A000EEA178 /* Build configuration list for PBXNativeTarget "MovieSearch" */ = {
			isa = XCConfigurationList;
			buildConfigurations = (
				6BE9131D1EEAF0A000EEA178 /* Debug */,
				6BE9131E1EEAF0A000EEA178 /* Release */,
			);
			defaultConfigurationIsVisible = 0;
		};
/* End XCConfigurationList section */
	};
	rootObject = 6BE913021EEAF0A000EEA178 /* Project object */;
}
